
Microsoft Visual Studio Solution File, Format Version 12.00
# Visual Studio Version 17
VisualStudioVersion = 17.10.35027.167
MinimumVisualStudioVersion = 10.0.40219.1
Project("{FAE04EC0-301F-11D3-BF4B-00C04F79EFBC}") = "ThaiNgocQui_DPM225464_Pattern13_ChainofResponsibility", "ThaiNgocQui_DPM225464_Pattern13_ ChainofResponsibility\ThaiNgocQui_DPM225464_Pattern13_ChainofResponsibility.csproj", "{5FB55B55-99F0-406A-ABA4-AEAA9AB5C848}"
EndProject
Project("{FAE04EC0-301F-11D3-BF4B-00C04F79EFBC}") = "ThaiNgocQui_DPM225464_Real13_ChainofResponsibility", "ThaiNgocQui_DPM225464_Real13_ChainofResponsibility\ThaiNgocQui_DPM225464_Real13_ChainofResponsibility.csproj", "{CE4C3C6D-1930-4FC1-AFA5-BF2FAE7E916B}"
EndProject
Global
	GlobalSection(SolutionConfigurationPlatforms) = preSolution
		Debug|Any CPU = Debug|Any CPU
		Release|Any CPU = Release|Any CPU
	EndGlobalSection
	GlobalSection(ProjectConfigurationPlatforms) = postSolution
		{5FB55B55-99F0-406A-ABA4-AEAA9AB5C848}.Debug|Any CPU.ActiveCfg = Debug|Any CPU
		{5FB55B55-99F0-406A-ABA4-AEAA9AB5C848}.Debug|Any CPU.Build.0 = Debug|Any CPU
		{5FB55B55-99F0-406A-ABA4-AEAA9AB5C848}.Release|Any CPU.ActiveCfg = Release|Any CPU
		{5FB55B55-99F0-406A-ABA4-AEAA9AB5C848}.Release|Any CPU.Build.0 = Release|Any CPU
		{CE4C3C6D-1930-4FC1-AFA5-BF2FAE7E916B}.Debug|Any CPU.ActiveCfg = Debug|Any CPU
		{CE4C3C6D-1930-4FC1-AFA5-BF2FAE7E916B}.Debug|Any CPU.Build.0 = Debug|Any CPU
		{CE4C3C6D-1930-4FC1-AFA5-BF2FAE7E916B}.Release|Any CPU.ActiveCfg = Release|Any CPU
		{CE4C3C6D-1930-4FC1-AFA5-BF2FAE7E916B}.Release|Any CPU.Build.0 = Release|Any CPU
	EndGlobalSection
	GlobalSection(SolutionProperties) = preSolution
		HideSolutionNode = FALSE
	EndGlobalSection
	GlobalSection(ExtensibilityGlobals) = postSolution
		SolutionGuid = {A6BF4CA4-DEB7-4928-ADB6-0A8B0D6BD441}
	EndGlobalSection
EndGlobal
