
Microsoft Visual Studio Solution File, Format Version 12.00
# Visual Studio Version 17
VisualStudioVersion = 17.10.35027.167
MinimumVisualStudioVersion = 10.0.40219.1
Project("{FAE04EC0-301F-11D3-BF4B-00C04F79EFBC}") = "DPM225464_ThaiNgocQui_Parttern01_AbstractFactory", "DPM225464_ThaiNgocQui_Parttern01_Abstract Factory\DPM225464_ThaiNgocQui_Parttern01_AbstractFactory.csproj", "{A316DAB4-BC97-4BEF-976B-53926A7BC751}"
EndProject
Project("{FAE04EC0-301F-11D3-BF4B-00C04F79EFBC}") = "DPM225464_ThaiNgocQui_Real01_Abstract Factory", "DPM225464_ThaiNgocQui_Real01_Abstract Factory\DPM225464_ThaiNgocQui_Real01_Abstract Factory.csproj", "{578397F3-C65D-456C-B6DD-D6E107045892}"
EndProject
Global
	GlobalSection(SolutionConfigurationPlatforms) = preSolution
		Debug|Any CPU = Debug|Any CPU
		Release|Any CPU = Release|Any CPU
	EndGlobalSection
	GlobalSection(ProjectConfigurationPlatforms) = postSolution
		{A316DAB4-BC97-4BEF-976B-53926A7BC751}.Debug|Any CPU.ActiveCfg = Debug|Any CPU
		{A316DAB4-BC97-4BEF-976B-53926A7BC751}.Debug|Any CPU.Build.0 = Debug|Any CPU
		{A316DAB4-BC97-4BEF-976B-53926A7BC751}.Release|Any CPU.ActiveCfg = Release|Any CPU
		{A316DAB4-BC97-4BEF-976B-53926A7BC751}.Release|Any CPU.Build.0 = Release|Any CPU
		{578397F3-C65D-456C-B6DD-D6E107045892}.Debug|Any CPU.ActiveCfg = Debug|Any CPU
		{578397F3-C65D-456C-B6DD-D6E107045892}.Debug|Any CPU.Build.0 = Debug|Any CPU
		{578397F3-C65D-456C-B6DD-D6E107045892}.Release|Any CPU.ActiveCfg = Release|Any CPU
		{578397F3-C65D-456C-B6DD-D6E107045892}.Release|Any CPU.Build.0 = Release|Any CPU
	EndGlobalSection
	GlobalSection(SolutionProperties) = preSolution
		HideSolutionNode = FALSE
	EndGlobalSection
	GlobalSection(ExtensibilityGlobals) = postSolution
		SolutionGuid = {642BC796-E928-4D70-AE9A-6FB44CEC22B4}
	EndGlobalSection
EndGlobal
