
Microsoft Visual Studio Solution File, Format Version 12.00
# Visual Studio Version 17
VisualStudioVersion = 17.10.35027.167
MinimumVisualStudioVersion = 10.0.40219.1
Project("{FAE04EC0-301F-11D3-BF4B-00C04F79EFBC}") = "ThaiNgocQui_DPM225464_Pattern11_Flyweight", "ThaiNgocQui_DPM225464_Pattern11_Flyweight\ThaiNgocQui_DPM225464_Pattern11_Flyweight.csproj", "{426DC314-5298-48A9-9B6A-BB03A5596803}"
EndProject
Project("{FAE04EC0-301F-11D3-BF4B-00C04F79EFBC}") = "ThaiNgocQui_DPM225464_Real11_Flyweight", "ThaiNgocQui_DPM225464_Real11_Flyweight\ThaiNgocQui_DPM225464_Real11_Flyweight.csproj", "{64A63483-C2C3-40B2-9A71-8A9729E67290}"
EndProject
Global
	GlobalSection(SolutionConfigurationPlatforms) = preSolution
		Debug|Any CPU = Debug|Any CPU
		Release|Any CPU = Release|Any CPU
	EndGlobalSection
	GlobalSection(ProjectConfigurationPlatforms) = postSolution
		{426DC314-5298-48A9-9B6A-BB03A5596803}.Debug|Any CPU.ActiveCfg = Debug|Any CPU
		{426DC314-5298-48A9-9B6A-BB03A5596803}.Debug|Any CPU.Build.0 = Debug|Any CPU
		{426DC314-5298-48A9-9B6A-BB03A5596803}.Release|Any CPU.ActiveCfg = Release|Any CPU
		{426DC314-5298-48A9-9B6A-BB03A5596803}.Release|Any CPU.Build.0 = Release|Any CPU
		{64A63483-C2C3-40B2-9A71-8A9729E67290}.Debug|Any CPU.ActiveCfg = Debug|Any CPU
		{64A63483-C2C3-40B2-9A71-8A9729E67290}.Debug|Any CPU.Build.0 = Debug|Any CPU
		{64A63483-C2C3-40B2-9A71-8A9729E67290}.Release|Any CPU.ActiveCfg = Release|Any CPU
		{64A63483-C2C3-40B2-9A71-8A9729E67290}.Release|Any CPU.Build.0 = Release|Any CPU
	EndGlobalSection
	GlobalSection(SolutionProperties) = preSolution
		HideSolutionNode = FALSE
	EndGlobalSection
	GlobalSection(ExtensibilityGlobals) = postSolution
		SolutionGuid = {B2AFDF33-2A85-44EF-9F18-8034AC226112}
	EndGlobalSection
EndGlobal
