
Microsoft Visual Studio Solution File, Format Version 12.00
# Visual Studio Version 17
VisualStudioVersion = 17.10.35027.167
MinimumVisualStudioVersion = 10.0.40219.1
Project("{FAE04EC0-301F-11D3-BF4B-00C04F79EFBC}") = "ThaiNgocQui_DPM225464_Pattern08_Composite", "ThaiNgocQui_DPM225464_Pattern08_Composite\ThaiNgocQui_DPM225464_Pattern08_Composite.csproj", "{D27FCE69-B43C-4218-82B4-21BE29D2827E}"
EndProject
Project("{FAE04EC0-301F-11D3-BF4B-00C04F79EFBC}") = "ThaiNgocQui_DPM225464_Real08_Composite", "ThaiNgocQui_DPM225464_Real08_Composite\ThaiNgocQui_DPM225464_Real08_Composite.csproj", "{4D73B584-4F4D-40CE-AFED-360D6D05212D}"
EndProject
Global
	GlobalSection(SolutionConfigurationPlatforms) = preSolution
		Debug|Any CPU = Debug|Any CPU
		Release|Any CPU = Release|Any CPU
	EndGlobalSection
	GlobalSection(ProjectConfigurationPlatforms) = postSolution
		{D27FCE69-B43C-4218-82B4-21BE29D2827E}.Debug|Any CPU.ActiveCfg = Debug|Any CPU
		{D27FCE69-B43C-4218-82B4-21BE29D2827E}.Debug|Any CPU.Build.0 = Debug|Any CPU
		{D27FCE69-B43C-4218-82B4-21BE29D2827E}.Release|Any CPU.ActiveCfg = Release|Any CPU
		{D27FCE69-B43C-4218-82B4-21BE29D2827E}.Release|Any CPU.Build.0 = Release|Any CPU
		{4D73B584-4F4D-40CE-AFED-360D6D05212D}.Debug|Any CPU.ActiveCfg = Debug|Any CPU
		{4D73B584-4F4D-40CE-AFED-360D6D05212D}.Debug|Any CPU.Build.0 = Debug|Any CPU
		{4D73B584-4F4D-40CE-AFED-360D6D05212D}.Release|Any CPU.ActiveCfg = Release|Any CPU
		{4D73B584-4F4D-40CE-AFED-360D6D05212D}.Release|Any CPU.Build.0 = Release|Any CPU
	EndGlobalSection
	GlobalSection(SolutionProperties) = preSolution
		HideSolutionNode = FALSE
	EndGlobalSection
	GlobalSection(ExtensibilityGlobals) = postSolution
		SolutionGuid = {25828C28-7A72-4182-BD2B-D67FDB5A0B8D}
	EndGlobalSection
EndGlobal
