
Microsoft Visual Studio Solution File, Format Version 12.00
# Visual Studio Version 17
VisualStudioVersion = 17.10.35027.167
MinimumVisualStudioVersion = 10.0.40219.1
Project("{FAE04EC0-301F-11D3-BF4B-00C04F79EFBC}") = "ThaiNgocQui_DPM225464_Pattern04_Singleton", "ThaiNgocQui_DPM225464_Pattern04_Singleton\ThaiNgocQui_DPM225464_Pattern04_Singleton.csproj", "{639FEE39-803A-4549-BF57-DE5CB93E2C90}"
EndProject
Project("{FAE04EC0-301F-11D3-BF4B-00C04F79EFBC}") = "ThaiNgocQui_DPM225464_Real04_Singleton", "ThaiNgocQui_DPM225464_Real04_Singleton\ThaiNgocQui_DPM225464_Real04_Singleton.csproj", "{36198CD5-798A-4637-9006-773B7079FE61}"
EndProject
Global
	GlobalSection(SolutionConfigurationPlatforms) = preSolution
		Debug|Any CPU = Debug|Any CPU
		Release|Any CPU = Release|Any CPU
	EndGlobalSection
	GlobalSection(ProjectConfigurationPlatforms) = postSolution
		{639FEE39-803A-4549-BF57-DE5CB93E2C90}.Debug|Any CPU.ActiveCfg = Debug|Any CPU
		{639FEE39-803A-4549-BF57-DE5CB93E2C90}.Debug|Any CPU.Build.0 = Debug|Any CPU
		{639FEE39-803A-4549-BF57-DE5CB93E2C90}.Release|Any CPU.ActiveCfg = Release|Any CPU
		{639FEE39-803A-4549-BF57-DE5CB93E2C90}.Release|Any CPU.Build.0 = Release|Any CPU
		{36198CD5-798A-4637-9006-773B7079FE61}.Debug|Any CPU.ActiveCfg = Debug|Any CPU
		{36198CD5-798A-4637-9006-773B7079FE61}.Debug|Any CPU.Build.0 = Debug|Any CPU
		{36198CD5-798A-4637-9006-773B7079FE61}.Release|Any CPU.ActiveCfg = Release|Any CPU
		{36198CD5-798A-4637-9006-773B7079FE61}.Release|Any CPU.Build.0 = Release|Any CPU
	EndGlobalSection
	GlobalSection(SolutionProperties) = preSolution
		HideSolutionNode = FALSE
	EndGlobalSection
	GlobalSection(ExtensibilityGlobals) = postSolution
		SolutionGuid = {45F62C6A-6AE3-47CA-9E28-30BC5343B327}
	EndGlobalSection
EndGlobal
