
Microsoft Visual Studio Solution File, Format Version 12.00
# Visual Studio Version 17
VisualStudioVersion = 17.10.35027.167
MinimumVisualStudioVersion = 10.0.40219.1
Project("{FAE04EC0-301F-11D3-BF4B-00C04F79EFBC}") = "DPM225464_ThaiNgocQui_Pattern12_Proxy", "DPM225464_ThaiNgocQui_Pattern12_Proxy\DPM225464_ThaiNgocQui_Pattern12_Proxy.csproj", "{8ABCBB66-262B-4749-BB6C-7ECC2B1F9EC0}"
EndProject
Project("{FAE04EC0-301F-11D3-BF4B-00C04F79EFBC}") = "DPM225464_ThaiNgocQui_Real12_Proxy", "DPM225464_ThaiNgocQui_Real12_Proxy\DPM225464_ThaiNgocQui_Real12_Proxy.csproj", "{A45F8EF9-443D-4745-8A88-9F35CB0A8F84}"
EndProject
Project("{FAE04EC0-301F-11D3-BF4B-00C04F79EFBC}") = "DPM225464_ThaiNgocQui_MyWorld_Proxy", "DPM225464_ThaiNgocQui_MyWorld_Proxy\DPM225464_ThaiNgocQui_MyWorld_Proxy.csproj", "{BD62ECD4-1AF0-4CF3-A73F-F8D3A9EB420C}"
EndProject
Global
	GlobalSection(SolutionConfigurationPlatforms) = preSolution
		Debug|Any CPU = Debug|Any CPU
		Release|Any CPU = Release|Any CPU
	EndGlobalSection
	GlobalSection(ProjectConfigurationPlatforms) = postSolution
		{8ABCBB66-262B-4749-BB6C-7ECC2B1F9EC0}.Debug|Any CPU.ActiveCfg = Debug|Any CPU
		{8ABCBB66-262B-4749-BB6C-7ECC2B1F9EC0}.Debug|Any CPU.Build.0 = Debug|Any CPU
		{8ABCBB66-262B-4749-BB6C-7ECC2B1F9EC0}.Release|Any CPU.ActiveCfg = Release|Any CPU
		{8ABCBB66-262B-4749-BB6C-7ECC2B1F9EC0}.Release|Any CPU.Build.0 = Release|Any CPU
		{A45F8EF9-443D-4745-8A88-9F35CB0A8F84}.Debug|Any CPU.ActiveCfg = Debug|Any CPU
		{A45F8EF9-443D-4745-8A88-9F35CB0A8F84}.Debug|Any CPU.Build.0 = Debug|Any CPU
		{A45F8EF9-443D-4745-8A88-9F35CB0A8F84}.Release|Any CPU.ActiveCfg = Release|Any CPU
		{A45F8EF9-443D-4745-8A88-9F35CB0A8F84}.Release|Any CPU.Build.0 = Release|Any CPU
		{BD62ECD4-1AF0-4CF3-A73F-F8D3A9EB420C}.Debug|Any CPU.ActiveCfg = Debug|Any CPU
		{BD62ECD4-1AF0-4CF3-A73F-F8D3A9EB420C}.Debug|Any CPU.Build.0 = Debug|Any CPU
		{BD62ECD4-1AF0-4CF3-A73F-F8D3A9EB420C}.Release|Any CPU.ActiveCfg = Release|Any CPU
		{BD62ECD4-1AF0-4CF3-A73F-F8D3A9EB420C}.Release|Any CPU.Build.0 = Release|Any CPU
	EndGlobalSection
	GlobalSection(SolutionProperties) = preSolution
		HideSolutionNode = FALSE
	EndGlobalSection
	GlobalSection(ExtensibilityGlobals) = postSolution
		SolutionGuid = {D0BBCB3E-F934-43E8-BEB6-7BEC120585DA}
	EndGlobalSection
EndGlobal
