
Microsoft Visual Studio Solution File, Format Version 12.00
# Visual Studio Version 17
VisualStudioVersion = 17.10.35027.167
MinimumVisualStudioVersion = 10.0.40219.1
Project("{FAE04EC0-301F-11D3-BF4B-00C04F79EFBC}") = "ThaiNgocQui_DPM225464_Pattern10_Facade", "ThaiNgocQui_DPM225464_Pattern10_Facade\ThaiNgocQui_DPM225464_Pattern10_Facade.csproj", "{212343D7-021E-43A5-B0F9-C99F419EAAD6}"
EndProject
Project("{FAE04EC0-301F-11D3-BF4B-00C04F79EFBC}") = "ThaiNgocQui_DPM225464_Real10_Facade", "ThaiNgocQui_DPM225464_Real10_Facade\ThaiNgocQui_DPM225464_Real10_Facade.csproj", "{12D5E8A0-180D-499E-8980-FC4FA3CEA80E}"
EndProject
Global
	GlobalSection(SolutionConfigurationPlatforms) = preSolution
		Debug|Any CPU = Debug|Any CPU
		Release|Any CPU = Release|Any CPU
	EndGlobalSection
	GlobalSection(ProjectConfigurationPlatforms) = postSolution
		{212343D7-021E-43A5-B0F9-C99F419EAAD6}.Debug|Any CPU.ActiveCfg = Debug|Any CPU
		{212343D7-021E-43A5-B0F9-C99F419EAAD6}.Debug|Any CPU.Build.0 = Debug|Any CPU
		{212343D7-021E-43A5-B0F9-C99F419EAAD6}.Release|Any CPU.ActiveCfg = Release|Any CPU
		{212343D7-021E-43A5-B0F9-C99F419EAAD6}.Release|Any CPU.Build.0 = Release|Any CPU
		{12D5E8A0-180D-499E-8980-FC4FA3CEA80E}.Debug|Any CPU.ActiveCfg = Debug|Any CPU
		{12D5E8A0-180D-499E-8980-FC4FA3CEA80E}.Debug|Any CPU.Build.0 = Debug|Any CPU
		{12D5E8A0-180D-499E-8980-FC4FA3CEA80E}.Release|Any CPU.ActiveCfg = Release|Any CPU
		{12D5E8A0-180D-499E-8980-FC4FA3CEA80E}.Release|Any CPU.Build.0 = Release|Any CPU
	EndGlobalSection
	GlobalSection(SolutionProperties) = preSolution
		HideSolutionNode = FALSE
	EndGlobalSection
	GlobalSection(ExtensibilityGlobals) = postSolution
		SolutionGuid = {67499D86-CF59-4272-8564-241621F79CAF}
	EndGlobalSection
EndGlobal
