
Microsoft Visual Studio Solution File, Format Version 12.00
# Visual Studio Version 17
VisualStudioVersion = 17.10.35027.167
MinimumVisualStudioVersion = 10.0.40219.1
Project("{FAE04EC0-301F-11D3-BF4B-00C04F79EFBC}") = "ThaiNgocQui_DPM225464_Pattern04_Prototype", "ThaiNgocQui_DPM225464_Pattern04_Prototype\ThaiNgocQui_DPM225464_Pattern04_Prototype.csproj", "{542D2F44-ED7B-48D3-8680-D9717F6A7D4A}"
EndProject
Project("{FAE04EC0-301F-11D3-BF4B-00C04F79EFBC}") = "ThaiNgocQui_DPM225464_Real04_Prototype", "ThaiNgocQui_DPM225464_Real04_Prototype\ThaiNgocQui_DPM225464_Real04_Prototype.csproj", "{3C478E3A-750C-4432-BC00-9E62B9A30FA2}"
EndProject
Global
	GlobalSection(SolutionConfigurationPlatforms) = preSolution
		Debug|Any CPU = Debug|Any CPU
		Release|Any CPU = Release|Any CPU
	EndGlobalSection
	GlobalSection(ProjectConfigurationPlatforms) = postSolution
		{542D2F44-ED7B-48D3-8680-D9717F6A7D4A}.Debug|Any CPU.ActiveCfg = Debug|Any CPU
		{542D2F44-ED7B-48D3-8680-D9717F6A7D4A}.Debug|Any CPU.Build.0 = Debug|Any CPU
		{542D2F44-ED7B-48D3-8680-D9717F6A7D4A}.Release|Any CPU.ActiveCfg = Release|Any CPU
		{542D2F44-ED7B-48D3-8680-D9717F6A7D4A}.Release|Any CPU.Build.0 = Release|Any CPU
		{3C478E3A-750C-4432-BC00-9E62B9A30FA2}.Debug|Any CPU.ActiveCfg = Debug|Any CPU
		{3C478E3A-750C-4432-BC00-9E62B9A30FA2}.Debug|Any CPU.Build.0 = Debug|Any CPU
		{3C478E3A-750C-4432-BC00-9E62B9A30FA2}.Release|Any CPU.ActiveCfg = Release|Any CPU
		{3C478E3A-750C-4432-BC00-9E62B9A30FA2}.Release|Any CPU.Build.0 = Release|Any CPU
	EndGlobalSection
	GlobalSection(SolutionProperties) = preSolution
		HideSolutionNode = FALSE
	EndGlobalSection
	GlobalSection(ExtensibilityGlobals) = postSolution
		SolutionGuid = {A3A056BE-DC85-4E85-9CB8-C9F5D0AC9D7F}
	EndGlobalSection
EndGlobal
