
Microsoft Visual Studio Solution File, Format Version 12.00
# Visual Studio Version 17
VisualStudioVersion = 17.10.35027.167
MinimumVisualStudioVersion = 10.0.40219.1
Project("{FAE04EC0-301F-11D3-BF4B-00C04F79EFBC}") = "ThaiNgocQui_DPM225464_Pattern06_Adapter", "ThaiNgocQui_DPM225464_Pattern06_Adapter\ThaiNgocQui_DPM225464_Pattern06_Adapter.csproj", "{26EB7616-E961-4512-B9F4-404ABC9C9C5C}"
EndProject
Project("{FAE04EC0-301F-11D3-BF4B-00C04F79EFBC}") = "ThaiNgocQui_DPM225464_Real06_Adapter", "ThaiNgocQui_DPM225464_Real06_Adapter\ThaiNgocQui_DPM225464_Real06_Adapter.csproj", "{4DB4C84E-EC3B-4409-ABD8-23DDC857159A}"
EndProject
Global
	GlobalSection(SolutionConfigurationPlatforms) = preSolution
		Debug|Any CPU = Debug|Any CPU
		Release|Any CPU = Release|Any CPU
	EndGlobalSection
	GlobalSection(ProjectConfigurationPlatforms) = postSolution
		{26EB7616-E961-4512-B9F4-404ABC9C9C5C}.Debug|Any CPU.ActiveCfg = Debug|Any CPU
		{26EB7616-E961-4512-B9F4-404ABC9C9C5C}.Debug|Any CPU.Build.0 = Debug|Any CPU
		{26EB7616-E961-4512-B9F4-404ABC9C9C5C}.Release|Any CPU.ActiveCfg = Release|Any CPU
		{26EB7616-E961-4512-B9F4-404ABC9C9C5C}.Release|Any CPU.Build.0 = Release|Any CPU
		{4DB4C84E-EC3B-4409-ABD8-23DDC857159A}.Debug|Any CPU.ActiveCfg = Debug|Any CPU
		{4DB4C84E-EC3B-4409-ABD8-23DDC857159A}.Debug|Any CPU.Build.0 = Debug|Any CPU
		{4DB4C84E-EC3B-4409-ABD8-23DDC857159A}.Release|Any CPU.ActiveCfg = Release|Any CPU
		{4DB4C84E-EC3B-4409-ABD8-23DDC857159A}.Release|Any CPU.Build.0 = Release|Any CPU
	EndGlobalSection
	GlobalSection(SolutionProperties) = preSolution
		HideSolutionNode = FALSE
	EndGlobalSection
	GlobalSection(ExtensibilityGlobals) = postSolution
		SolutionGuid = {8CB06D81-4B81-4992-887A-F711DA4BD753}
	EndGlobalSection
EndGlobal
